
Microsoft Visual Studio Solution File, Format Version 12.00
# Visual Studio Version 16
VisualStudioVersion = 16.0.31729.503
MinimumVisualStudioVersion = 10.0.40219.1
Project("{9A19103F-16F7-4668-BE54-9A1E7A4F7556}") = "Pang.Blog.Server", "Pang.Blog\Server\Pang.Blog.Server.csproj", "{3D7E5485-B275-46CD-9265-A9172A736B7B}"
EndProject
Project("{9A19103F-16F7-4668-BE54-9A1E7A4F7556}") = "Pang.Blog.Client", "Pang.Blog\Client\Pang.Blog.Client.csproj", "{6895261A-DD48-43CF-B0F6-E6A032947249}"
EndProject
Project("{9A19103F-16F7-4668-BE54-9A1E7A4F7556}") = "Pang.Blog.Shared", "Pang.Blog\Shared\Pang.Blog.Shared.csproj", "{542EBD6C-59AE-4C38-8228-D4567F7D4C4F}"
EndProject
Project("{FAE04EC0-301F-11D3-BF4B-00C04F79EFBC}") = "Pang.Blog.Test", "Pang.Blog.Test\Pang.Blog.Test.csproj", "{C56C64DC-F8EB-40DF-8CB1-EAA47C368DBC}"
EndProject
Global
	GlobalSection(SolutionConfigurationPlatforms) = preSolution
		Debug|Any CPU = Debug|Any CPU
		Release|Any CPU = Release|Any CPU
	EndGlobalSection
	GlobalSection(ProjectConfigurationPlatforms) = postSolution
		{3D7E5485-B275-46CD-9265-A9172A736B7B}.Debug|Any CPU.ActiveCfg = Debug|Any CPU
		{3D7E5485-B275-46CD-9265-A9172A736B7B}.Debug|Any CPU.Build.0 = Debug|Any CPU
		{3D7E5485-B275-46CD-9265-A9172A736B7B}.Release|Any CPU.ActiveCfg = Release|Any CPU
		{3D7E5485-B275-46CD-9265-A9172A736B7B}.Release|Any CPU.Build.0 = Release|Any CPU
		{6895261A-DD48-43CF-B0F6-E6A032947249}.Debug|Any CPU.ActiveCfg = Debug|Any CPU
		{6895261A-DD48-43CF-B0F6-E6A032947249}.Debug|Any CPU.Build.0 = Debug|Any CPU
		{6895261A-DD48-43CF-B0F6-E6A032947249}.Release|Any CPU.ActiveCfg = Release|Any CPU
		{6895261A-DD48-43CF-B0F6-E6A032947249}.Release|Any CPU.Build.0 = Release|Any CPU
		{542EBD6C-59AE-4C38-8228-D4567F7D4C4F}.Debug|Any CPU.ActiveCfg = Debug|Any CPU
		{542EBD6C-59AE-4C38-8228-D4567F7D4C4F}.Debug|Any CPU.Build.0 = Debug|Any CPU
		{542EBD6C-59AE-4C38-8228-D4567F7D4C4F}.Release|Any CPU.ActiveCfg = Release|Any CPU
		{542EBD6C-59AE-4C38-8228-D4567F7D4C4F}.Release|Any CPU.Build.0 = Release|Any CPU
		{C56C64DC-F8EB-40DF-8CB1-EAA47C368DBC}.Debug|Any CPU.ActiveCfg = Debug|Any CPU
		{C56C64DC-F8EB-40DF-8CB1-EAA47C368DBC}.Debug|Any CPU.Build.0 = Debug|Any CPU
		{C56C64DC-F8EB-40DF-8CB1-EAA47C368DBC}.Release|Any CPU.ActiveCfg = Release|Any CPU
		{C56C64DC-F8EB-40DF-8CB1-EAA47C368DBC}.Release|Any CPU.Build.0 = Release|Any CPU
	EndGlobalSection
	GlobalSection(SolutionProperties) = preSolution
		HideSolutionNode = FALSE
	EndGlobalSection
	GlobalSection(ExtensibilityGlobals) = postSolution
		SolutionGuid = {DA111EE5-98E2-46FF-B89A-3A0DD30FBEB7}
	EndGlobalSection
EndGlobal
